
Microsoft Visual Studio Solution File, Format Version 12.00
# Visual Studio 14
VisualStudioVersion = 14.0.23107.0
MinimumVisualStudioVersion = 10.0.40219.1
Project("{FAE04EC0-301F-11D3-BF4B-00C04F79EFBC}") = "Mainlog4nettest", "Mainlog4nettest\Mainlog4nettest.csproj", "{17437978-4305-4B48-9DA0-473536F2F076}"
EndProject
Project("{FAE04EC0-301F-11D3-BF4B-00C04F79EFBC}") = "DllThatUsesLog4netTest", "DllThatUsesLog4netTest\DllThatUsesLog4netTest.csproj", "{A12C8F3C-FC6A-411A-AEC7-A64473893306}"
EndProject
Global
	GlobalSection(SolutionConfigurationPlatforms) = preSolution
		Debug|Any CPU = Debug|Any CPU
		Release|Any CPU = Release|Any CPU
	EndGlobalSection
	GlobalSection(ProjectConfigurationPlatforms) = postSolution
		{17437978-4305-4B48-9DA0-473536F2F076}.Debug|Any CPU.ActiveCfg = Debug|Any CPU
		{17437978-4305-4B48-9DA0-473536F2F076}.Debug|Any CPU.Build.0 = Debug|Any CPU
		{17437978-4305-4B48-9DA0-473536F2F076}.Release|Any CPU.ActiveCfg = Release|Any CPU
		{17437978-4305-4B48-9DA0-473536F2F076}.Release|Any CPU.Build.0 = Release|Any CPU
		{A12C8F3C-FC6A-411A-AEC7-A64473893306}.Debug|Any CPU.ActiveCfg = Debug|Any CPU
		{A12C8F3C-FC6A-411A-AEC7-A64473893306}.Debug|Any CPU.Build.0 = Debug|Any CPU
		{A12C8F3C-FC6A-411A-AEC7-A64473893306}.Release|Any CPU.ActiveCfg = Release|Any CPU
		{A12C8F3C-FC6A-411A-AEC7-A64473893306}.Release|Any CPU.Build.0 = Release|Any CPU
	EndGlobalSection
	GlobalSection(SolutionProperties) = preSolution
		HideSolutionNode = FALSE
	EndGlobalSection
EndGlobal
